
Microsoft Visual Studio Solution File, Format Version 12.00
# Visual Studio Version 16
VisualStudioVersion = 16.0.32002.261
MinimumVisualStudioVersion = 10.0.40219.1
Project("{FAE04EC0-301F-11D3-BF4B-00C04F79EFBC}") = "c-sharp-odev-recursive-extension", "c-sharp-odev-recursive-extension.csproj", "{D4A55395-F462-41F1-9ED8-0389F0EE5676}"
EndProject
Global
	GlobalSection(SolutionConfigurationPlatforms) = preSolution
		Debug|Any CPU = Debug|Any CPU
		Release|Any CPU = Release|Any CPU
	EndGlobalSection
	GlobalSection(ProjectConfigurationPlatforms) = postSolution
		{D4A55395-F462-41F1-9ED8-0389F0EE5676}.Debug|Any CPU.ActiveCfg = Debug|Any CPU
		{D4A55395-F462-41F1-9ED8-0389F0EE5676}.Debug|Any CPU.Build.0 = Debug|Any CPU
		{D4A55395-F462-41F1-9ED8-0389F0EE5676}.Release|Any CPU.ActiveCfg = Release|Any CPU
		{D4A55395-F462-41F1-9ED8-0389F0EE5676}.Release|Any CPU.Build.0 = Release|Any CPU
	EndGlobalSection
	GlobalSection(SolutionProperties) = preSolution
		HideSolutionNode = FALSE
	EndGlobalSection
	GlobalSection(ExtensibilityGlobals) = postSolution
		SolutionGuid = {F4F94464-F366-471D-BE4E-B32DA484C877}
	EndGlobalSection
EndGlobal
